
Microsoft Visual Studio Solution File, Format Version 12.00
# Visual Studio Version 17
VisualStudioVersion = 17.9.34622.214
MinimumVisualStudioVersion = 10.0.40219.1
Project("{8BC9CEB8-8B4A-11D0-8D11-00A0C91BC942}") = "Recompilation Patcher", "Sources\Recompilation Patcher\Recompilation Patcher.vcxproj", "{36FE8242-9D2A-488C-8254-CE1A9A43F544}"
EndProject
Project("{2150E333-8FDC-42A3-9474-1A3956D46DE8}") = "Sources", "Sources", "{146C1CE4-BBF1-43B3-9204-EFC249720317}"
EndProject
Global
	GlobalSection(SolutionConfigurationPlatforms) = preSolution
		Debug|x64 = Debug|x64
		Release|x64 = Release|x64
	EndGlobalSection
	GlobalSection(ProjectConfigurationPlatforms) = postSolution
		{36FE8242-9D2A-488C-8254-CE1A9A43F544}.Debug|x64.ActiveCfg = Debug|x64
		{36FE8242-9D2A-488C-8254-CE1A9A43F544}.Debug|x64.Build.0 = Debug|x64
		{36FE8242-9D2A-488C-8254-CE1A9A43F544}.Release|x64.ActiveCfg = Release|x64
		{36FE8242-9D2A-488C-8254-CE1A9A43F544}.Release|x64.Build.0 = Release|x64
	EndGlobalSection
	GlobalSection(SolutionProperties) = preSolution
		HideSolutionNode = FALSE
	EndGlobalSection
	GlobalSection(NestedProjects) = preSolution
		{36FE8242-9D2A-488C-8254-CE1A9A43F544} = {146C1CE4-BBF1-43B3-9204-EFC249720317}
	EndGlobalSection
	GlobalSection(ExtensibilityGlobals) = postSolution
		SolutionGuid = {56A5B314-6A10-4EE7-A4B6-02E04633E0C5}
	EndGlobalSection
EndGlobal
